// !$*UTF8*$!
{
	archiveVersion = 1;
	classes = {
	};
	objectVersion = 77;
	objects = {

/* Begin PBXContainerItemProxy section */
		CE20FBDE2E41C04C0090EF18 /* PBXContainerItemProxy */ = {
			isa = PBXContainerItemProxy;
			containerPortal = CE20FBBF2E41C0490090EF18 /* Project object */;
			proxyType = 1;
			remoteGlobalIDString = CE20FBC62E41C0490090EF18;
			remoteInfo = "Kdad-Library-App";
		};
		CE20FBE82E41C04C0090EF18 /* PBXContainerItemProxy */ = {
			isa = PBXContainerItemProxy;
			containerPortal = CE20FBBF2E41C0490090EF18 /* Project object */;
			proxyType = 1;
			remoteGlobalIDString = CE20FBC62E41C0490090EF18;
			remoteInfo = "Kdad-Library-App";
		};
/* End PBXContainerItemProxy section */

/* Begin PBXFileReference section */
		CE20FBC72E41C0490090EF18 /* Kdad-Library-App.app */ = {isa = PBXFileReference; explicitFileType = wrapper.application; includeInIndex = 0; path = "Kdad-Library-App.app"; sourceTree = BUILT_PRODUCTS_DIR; };
		CE20FBDD2E41C04C0090EF18 /* Kdad-Library-AppTests.xctest */ = {isa = PBXFileReference; explicitFileType = wrapper.cfbundle; includeInIndex = 0; path = "Kdad-Library-AppTests.xctest"; sourceTree = BUILT_PRODUCTS_DIR; };
		CE20FBE72E41C04C0090EF18 /* Kdad-Library-AppUITests.xctest */ = {isa = PBXFileReference; explicitFileType = wrapper.cfbundle; includeInIndex = 0; path = "Kdad-Library-AppUITests.xctest"; sourceTree = BUILT_PRODUCTS_DIR; };
/* End PBXFileReference section */

/* Begin PBXFileSystemSynchronizedBuildFileExceptionSet section */
		CE20FBEF2E41C04C0090EF18 /* Exceptions for "Kdad-Library-App" folder in "Kdad-Library-App" target */ = {
			isa = PBXFileSystemSynchronizedBuildFileExceptionSet;
			membershipExceptions = (
				Info.plist,
			);
			target = CE20FBC62E41C0490090EF18 /* Kdad-Library-App */;
		};
/* End PBXFileSystemSynchronizedBuildFileExceptionSet section */

/* Begin PBXFileSystemSynchronizedRootGroup section */
		CE20FBC92E41C0490090EF18 /* Kdad-Library-App */ = {
			isa = PBXFileSystemSynchronizedRootGroup;
			exceptions = (
				CE20FBEF2E41C04C0090EF18 /* Exceptions for "Kdad-Library-App" folder in "Kdad-Library-App" target */,
			);
			path = "Kdad-Library-App";
			sourceTree = "<group>";
		};
		CE20FBE02E41C04C0090EF18 /* Kdad-Library-AppTests */ = {
			isa = PBXFileSystemSynchronizedRootGroup;
			path = "Kdad-Library-AppTests";
			sourceTree = "<group>";
		};
		CE20FBEA2E41C04C0090EF18 /* Kdad-Library-AppUITests */ = {
			isa = PBXFileSystemSynchronizedRootGroup;
			path = "Kdad-Library-AppUITests";
			sourceTree = "<group>";
		};
/* End PBXFileSystemSynchronizedRootGroup section */

/* Begin PBXFrameworksBuildPhase section */
		CE20FBC42E41C0490090EF18 /* Frameworks */ = {
			isa = PBXFrameworksBuildPhase;
			buildActionMask = 2147483647;
			files = (
			);
			runOnlyForDeploymentPostprocessing = 0;
		};
		CE20FBDA2E41C04C0090EF18 /* Frameworks */ = {
			isa = PBXFrameworksBuildPhase;
			buildActionMask = 2147483647;
			files = (
			);
			runOnlyForDeploymentPostprocessing = 0;
		};
		CE20FBE42E41C04C0090EF18 /* Frameworks */ = {
			isa = PBXFrameworksBuildPhase;
			buildActionMask = 2147483647;
			files = (
			);
			runOnlyForDeploymentPostprocessing = 0;
		};
/* End PBXFrameworksBuildPhase section */

/* Begin PBXGroup section */
		CE20FBBE2E41C0490090EF18 = {
			isa = PBXGroup;
			children = (
				CE20FBC92E41C0490090EF18 /* Kdad-Library-App */,
				CE20FBE02E41C04C0090EF18 /* Kdad-Library-AppTests */,
				CE20FBEA2E41C04C0090EF18 /* Kdad-Library-AppUITests */,
				CE20FBC82E41C0490090EF18 /* Products */,
			);
			sourceTree = "<group>";
		};
		CE20FBC82E41C0490090EF18 /* Products */ = {
			isa = PBXGroup;
			children = (
				CE20FBC72E41C0490090EF18 /* Kdad-Library-App.app */,
				CE20FBDD2E41C04C0090EF18 /* Kdad-Library-AppTests.xctest */,
				CE20FBE72E41C04C0090EF18 /* Kdad-Library-AppUITests.xctest */,
			);
			name = Products;
			sourceTree = "<group>";
		};
/* End PBXGroup section */

/* Begin PBXNativeTarget section */
		CE20FBC62E41C0490090EF18 /* Kdad-Library-App */ = {
			isa = PBXNativeTarget;
			buildConfigurationList = CE20FBF02E41C04C0090EF18 /* Build configuration list for PBXNativeTarget "Kdad-Library-App" */;
			buildPhases = (
				CE20FBC32E41C0490090EF18 /* Sources */,
				CE20FBC42E41C0490090EF18 /* Frameworks */,
				CE20FBC52E41C0490090EF18 /* Resources */,
			);
			buildRules = (
			);
			dependencies = (
			);
			fileSystemSynchronizedGroups = (
				CE20FBC92E41C0490090EF18 /* Kdad-Library-App */,
			);
			name = "Kdad-Library-App";
			packageProductDependencies = (
			);
			productName = "Kdad-Library-App";
			productReference = CE20FBC72E41C0490090EF18 /* Kdad-Library-App.app */;
			productType = "com.apple.product-type.application";
		};
		CE20FBDC2E41C04C0090EF18 /* Kdad-Library-AppTests */ = {
			isa = PBXNativeTarget;
			buildConfigurationList = CE20FBF52E41C04C0090EF18 /* Build configuration list for PBXNativeTarget "Kdad-Library-AppTests" */;
			buildPhases = (
				CE20FBD92E41C04C0090EF18 /* Sources */,
				CE20FBDA2E41C04C0090EF18 /* Frameworks */,
				CE20FBDB2E41C04C0090EF18 /* Resources */,
			);
			buildRules = (
			);
			dependencies = (
				CE20FBDF2E41C04C0090EF18 /* PBXTargetDependency */,
			);
			fileSystemSynchronizedGroups = (
				CE20FBE02E41C04C0090EF18 /* Kdad-Library-AppTests */,
			);
			name = "Kdad-Library-AppTests";
			packageProductDependencies = (
			);
			productName = "Kdad-Library-AppTests";
			productReference = CE20FBDD2E41C04C0090EF18 /* Kdad-Library-AppTests.xctest */;
			productType = "com.apple.product-type.bundle.unit-test";
		};
		CE20FBE62E41C04C0090EF18 /* Kdad-Library-AppUITests */ = {
			isa = PBXNativeTarget;
			buildConfigurationList = CE20FBF82E41C04C0090EF18 /* Build configuration list for PBXNativeTarget "Kdad-Library-AppUITests" */;
			buildPhases = (
				CE20FBE32E41C04C0090EF18 /* Sources */,
				CE20FBE42E41C04C0090EF18 /* Frameworks */,
				CE20FBE52E41C04C0090EF18 /* Resources */,
			);
			buildRules = (
			);
			dependencies = (
				CE20FBE92E41C04C0090EF18 /* PBXTargetDependency */,
			);
			fileSystemSynchronizedGroups = (
				CE20FBEA2E41C04C0090EF18 /* Kdad-Library-AppUITests */,
			);
			name = "Kdad-Library-AppUITests";
			packageProductDependencies = (
			);
			productName = "Kdad-Library-AppUITests";
			productReference = CE20FBE72E41C04C0090EF18 /* Kdad-Library-AppUITests.xctest */;
			productType = "com.apple.product-type.bundle.ui-testing";
		};
/* End PBXNativeTarget section */

/* Begin PBXProject section */
		CE20FBBF2E41C0490090EF18 /* Project object */ = {
			isa = PBXProject;
			attributes = {
				BuildIndependentTargetsInParallel = 1;
				LastSwiftUpdateCheck = 1630;
				LastUpgradeCheck = 1630;
				TargetAttributes = {
					CE20FBC62E41C0490090EF18 = {
						CreatedOnToolsVersion = 16.3;
					};
					CE20FBDC2E41C04C0090EF18 = {
						CreatedOnToolsVersion = 16.3;
						TestTargetID = CE20FBC62E41C0490090EF18;
					};
					CE20FBE62E41C04C0090EF18 = {
						CreatedOnToolsVersion = 16.3;
						TestTargetID = CE20FBC62E41C0490090EF18;
					};
				};
			};
			buildConfigurationList = CE20FBC22E41C0490090EF18 /* Build configuration list for PBXProject "Kdad-Library-App" */;
			developmentRegion = en;
			hasScannedForEncodings = 0;
			knownRegions = (
				en,
				Base,
			);
			mainGroup = CE20FBBE2E41C0490090EF18;
			minimizedProjectReferenceProxies = 1;
			preferredProjectObjectVersion = 77;
			productRefGroup = CE20FBC82E41C0490090EF18 /* Products */;
			projectDirPath = "";
			projectRoot = "";
			targets = (
				CE20FBC62E41C0490090EF18 /* Kdad-Library-App */,
				CE20FBDC2E41C04C0090EF18 /* Kdad-Library-AppTests */,
				CE20FBE62E41C04C0090EF18 /* Kdad-Library-AppUITests */,
			);
		};
/* End PBXProject section */

/* Begin PBXResourcesBuildPhase section */
		CE20FBC52E41C0490090EF18 /* Resources */ = {
			isa = PBXResourcesBuildPhase;
			buildActionMask = 2147483647;
			files = (
			);
			runOnlyForDeploymentPostprocessing = 0;
		};
		CE20FBDB2E41C04C0090EF18 /* Resources */ = {
			isa = PBXResourcesBuildPhase;
			buildActionMask = 2147483647;
			files = (
			);
			runOnlyForDeploymentPostprocessing = 0;
		};
		CE20FBE52E41C04C0090EF18 /* Resources */ = {
			isa = PBXResourcesBuildPhase;
			buildActionMask = 2147483647;
			files = (
			);
			runOnlyForDeploymentPostprocessing = 0;
		};
/* End PBXResourcesBuildPhase section */

/* Begin PBXSourcesBuildPhase section */
		CE20FBC32E41C0490090EF18 /* Sources */ = {
			isa = PBXSourcesBuildPhase;
			buildActionMask = 2147483647;
			files = (
			);
			runOnlyForDeploymentPostprocessing = 0;
		};
		CE20FBD92E41C04C0090EF18 /* Sources */ = {
			isa = PBXSourcesBuildPhase;
			buildActionMask = 2147483647;
			files = (
			);
			runOnlyForDeploymentPostprocessing = 0;
		};
		CE20FBE32E41C04C0090EF18 /* Sources */ = {
			isa = PBXSourcesBuildPhase;
			buildActionMask = 2147483647;
			files = (
			);
			runOnlyForDeploymentPostprocessing = 0;
		};
/* End PBXSourcesBuildPhase section */

/* Begin PBXTargetDependency section */
		CE20FBDF2E41C04C0090EF18 /* PBXTargetDependency */ = {
			isa = PBXTargetDependency;
			target = CE20FBC62E41C0490090EF18 /* Kdad-Library-App */;
			targetProxy = CE20FBDE2E41C04C0090EF18 /* PBXContainerItemProxy */;
		};
		CE20FBE92E41C04C0090EF18 /* PBXTargetDependency */ = {
			isa = PBXTargetDependency;
			target = CE20FBC62E41C0490090EF18 /* Kdad-Library-App */;
			targetProxy = CE20FBE82E41C04C0090EF18 /* PBXContainerItemProxy */;
		};
/* End PBXTargetDependency section */

/* Begin XCBuildConfiguration section */
		CE20FBF12E41C04C0090EF18 /* Debug */ = {
			isa = XCBuildConfiguration;
			buildSettings = {
				ASSETCATALOG_COMPILER_APPICON_NAME = AppIcon;
				ASSETCATALOG_COMPILER_GLOBAL_ACCENT_COLOR_NAME = AccentColor;
				CODE_SIGN_STYLE = Automatic;
				CURRENT_PROJECT_VERSION = 1;
				DEVELOPMENT_TEAM = VJGWSL9XV8;
				GENERATE_INFOPLIST_FILE = YES;
				INFOPLIST_FILE = "Kdad-Library-App/Info.plist";
				INFOPLIST_KEY_UIApplicationSupportsIndirectInputEvents = YES;
				INFOPLIST_KEY_UILaunchStoryboardName = LaunchScreen;
				INFOPLIST_KEY_UIMainStoryboardFile = Main;
				INFOPLIST_KEY_UISupportedInterfaceOrientations_iPad = "UIInterfaceOrientationPortrait UIInterfaceOrientationPortraitUpsideDown UIInterfaceOrientationLandscapeLeft UIInterfaceOrientationLandscapeRight";
				INFOPLIST_KEY_UISupportedInterfaceOrientations_iPhone = "UIInterfaceOrientationPortrait UIInterfaceOrientationLandscapeLeft UIInterfaceOrientationLandscapeRight";
				LD_RUNPATH_SEARCH_PATHS = (
					"$(inherited)",
					"@executable_path/Frameworks",
				);
				MARKETING_VERSION = 1.0;
				PRODUCT_BUNDLE_IDENTIFIER = "com.kdadjunior.Kdad-Library-App";
				PRODUCT_NAME = "$(TARGET_NAME)";
				SWIFT_EMIT_LOC_STRINGS = YES;
				SWIFT_VERSION = 5.0;
				TARGETED_DEVICE_FAMILY = "1,2";
			};
			name = Debug;
		};
		CE20FBF22E41C04C0090EF18 /* Release */ = {
			isa = XCBuildConfiguration;
			buildSettings = {
				ASSETCATALOG_COMPILER_APPICON_NAME = AppIcon;
				ASSETCATALOG_COMPILER_GLOBAL_ACCENT_COLOR_NAME = AccentColor;
				CODE_SIGN_STYLE = Automatic;
				CURRENT_PROJECT_VERSION = 1;
				DEVELOPMENT_TEAM = VJGWSL9XV8;
				GENERATE_INFOPLIST_FILE = YES;
				INFOPLIST_FILE = "Kdad-Library-App/Info.plist";
				INFOPLIST_KEY_UIApplicationSupportsIndirectInputEvents = YES;
				INFOPLIST_KEY_UILaunchStoryboardName = LaunchScreen;
				INFOPLIST_KEY_UIMainStoryboardFile = Main;
				INFOPLIST_KEY_UISupportedInterfaceOrientations_iPad = "UIInterfaceOrientationPortrait UIInterfaceOrientationPortraitUpsideDown UIInterfaceOrientationLandscapeLeft UIInterfaceOrientationLandscapeRight";
				INFOPLIST_KEY_UISupportedInterfaceOrientations_iPhone = "UIInterfaceOrientationPortrait UIInterfaceOrientationLandscapeLeft UIInterfaceOrientationLandscapeRight";
				LD_RUNPATH_SEARCH_PATHS = (
					"$(inherited)",
					"@executable_path/Frameworks",
				);
				MARKETING_VERSION = 1.0;
				PRODUCT_BUNDLE_IDENTIFIER = "com.kdadjunior.Kdad-Library-App";
				PRODUCT_NAME = "$(TARGET_NAME)";
				SWIFT_EMIT_LOC_STRINGS = YES;
				SWIFT_VERSION = 5.0;
				TARGETED_DEVICE_FAMILY = "1,2";
			};
			name = Release;
		};
		CE20FBF32E41C04C0090EF18 /* Debug */ = {
			isa = XCBuildConfiguration;
			buildSettings = {
				ALWAYS_SEARCH_USER_PATHS = NO;
				ASSETCATALOG_COMPILER_GENERATE_SWIFT_ASSET_SYMBOL_EXTENSIONS = YES;
				CLANG_ANALYZER_NONNULL = YES;
				CLANG_ANALYZER_NUMBER_OBJECT_CONVERSION = YES_AGGRESSIVE;
				CLANG_CXX_LANGUAGE_STANDARD = "gnu++20";
				CLANG_ENABLE_MODULES = YES;
				CLANG_ENABLE_OBJC_ARC = YES;
				CLANG_ENABLE_OBJC_WEAK = YES;
				CLANG_WARN_BLOCK_CAPTURE_AUTORELEASING = YES;
				CLANG_WARN_BOOL_CONVERSION = YES;
				CLANG_WARN_COMMA = YES;
				CLANG_WARN_CONSTANT_CONVERSION = YES;
				CLANG_WARN_DEPRECATED_OBJC_IMPLEMENTATIONS = YES;
				CLANG_WARN_DIRECT_OBJC_ISA_USAGE = YES_ERROR;
				CLANG_WARN_DOCUMENTATION_COMMENTS = YES;
				CLANG_WARN_EMPTY_BODY = YES;
				CLANG_WARN_ENUM_CONVERSION = YES;
				CLANG_WARN_INFINITE_RECURSION = YES;
				CLANG_WARN_INT_CONVERSION = YES;
				CLANG_WARN_NON_LITERAL_NULL_CONVERSION = YES;
				CLANG_WARN_OBJC_IMPLICIT_RETAIN_SELF = YES;
				CLANG_WARN_OBJC_LITERAL_CONVERSION = YES;
				CLANG_WARN_OBJC_ROOT_CLASS = YES_ERROR;
				CLANG_WARN_QUOTED_INCLUDE_IN_FRAMEWORK_HEADER = YES;
				CLANG_WARN_RANGE_LOOP_ANALYSIS = YES;
				CLANG_WARN_STRICT_PROTOTYPES = YES;
				CLANG_WARN_SUSPICIOUS_MOVE = YES;
				CLANG_WARN_UNGUARDED_AVAILABILITY = YES_AGGRESSIVE;
				CLANG_WARN_UNREACHABLE_CODE = YES;
				CLANG_WARN__DUPLICATE_METHOD_MATCH = YES;
				COPY_PHASE_STRIP = NO;
				DEBUG_INFORMATION_FORMAT = dwarf;
				DEVELOPMENT_TEAM = VJGWSL9XV8;
				ENABLE_STRICT_OBJC_MSGSEND = YES;
				ENABLE_TESTABILITY = YES;
				ENABLE_USER_SCRIPT_SANDBOXING = YES;
				GCC_C_LANGUAGE_STANDARD = gnu17;
				GCC_DYNAMIC_NO_PIC = NO;
				GCC_NO_COMMON_BLOCKS = YES;
				GCC_OPTIMIZATION_LEVEL = 0;
				GCC_PREPROCESSOR_DEFINITIONS = (
					"DEBUG=1",
					"$(inherited)",
				);
				GCC_WARN_64_TO_32_BIT_CONVERSION = YES;
				GCC_WARN_ABOUT_RETURN_TYPE = YES_ERROR;
				GCC_WARN_UNDECLARED_SELECTOR = YES;
				GCC_WARN_UNINITIALIZED_AUTOS = YES_AGGRESSIVE;
				GCC_WARN_UNUSED_FUNCTION = YES;
				GCC_WARN_UNUSED_VARIABLE = YES;
				IPHONEOS_DEPLOYMENT_TARGET = 18.4;
				LOCALIZATION_PREFERS_STRING_CATALOGS = YES;
				MTL_ENABLE_DEBUG_INFO = INCLUDE_SOURCE;
				MTL_FAST_MATH = YES;
				ONLY_ACTIVE_ARCH = YES;
				SDKROOT = iphoneos;
				SWIFT_ACTIVE_COMPILATION_CONDITIONS = "DEBUG $(inherited)";
				SWIFT_OPTIMIZATION_LEVEL = "-Onone";
			};
			name = Debug;
		};
		CE20FBF42E41C04C0090EF18 /* Release */ = {
			isa = XCBuildConfiguration;
			buildSettings = {
				ALWAYS_SEARCH_USER_PATHS = NO;
				ASSETCATALOG_COMPILER_GENERATE_SWIFT_ASSET_SYMBOL_EXTENSIONS = YES;
				CLANG_ANALYZER_NONNULL = YES;
				CLANG_ANALYZER_NUMBER_OBJECT_CONVERSION = YES_AGGRESSIVE;
				CLANG_CXX_LANGUAGE_STANDARD = "gnu++20";
				CLANG_ENABLE_MODULES = YES;
				CLANG_ENABLE_OBJC_ARC = YES;
				CLANG_ENABLE_OBJC_WEAK = YES;
				CLANG_WARN_BLOCK_CAPTURE_AUTORELEASING = YES;
				CLANG_WARN_BOOL_CONVERSION = YES;
				CLANG_WARN_COMMA = YES;
				CLANG_WARN_CONSTANT_CONVERSION = YES;
				CLANG_WARN_DEPRECATED_OBJC_IMPLEMENTATIONS = YES;
				CLANG_WARN_DIRECT_OBJC_ISA_USAGE = YES_ERROR;
				CLANG_WARN_DOCUMENTATION_COMMENTS = YES;
				CLANG_WARN_EMPTY_BODY = YES;
				CLANG_WARN_ENUM_CONVERSION = YES;
				CLANG_WARN_INFINITE_RECURSION = YES;
				CLANG_WARN_INT_CONVERSION = YES;
				CLANG_WARN_NON_LITERAL_NULL_CONVERSION = YES;
				CLANG_WARN_OBJC_IMPLICIT_RETAIN_SELF = YES;
				CLANG_WARN_OBJC_LITERAL_CONVERSION = YES;
				CLANG_WARN_OBJC_ROOT_CLASS = YES_ERROR;
				CLANG_WARN_QUOTED_INCLUDE_IN_FRAMEWORK_HEADER = YES;
				CLANG_WARN_RANGE_LOOP_ANALYSIS = YES;
				CLANG_WARN_STRICT_PROTOTYPES = YES;
				CLANG_WARN_SUSPICIOUS_MOVE = YES;
				CLANG_WARN_UNGUARDED_AVAILABILITY = YES_AGGRESSIVE;
				CLANG_WARN_UNREACHABLE_CODE = YES;
				CLANG_WARN__DUPLICATE_METHOD_MATCH = YES;
				COPY_PHASE_STRIP = NO;
				DEBUG_INFORMATION_FORMAT = "dwarf-with-dsym";
				DEVELOPMENT_TEAM = VJGWSL9XV8;
				ENABLE_NS_ASSERTIONS = NO;
				ENABLE_STRICT_OBJC_MSGSEND = YES;
				ENABLE_USER_SCRIPT_SANDBOXING = YES;
				GCC_C_LANGUAGE_STANDARD = gnu17;
				GCC_NO_COMMON_BLOCKS = YES;
				GCC_WARN_64_TO_32_BIT_CONVERSION = YES;
				GCC_WARN_ABOUT_RETURN_TYPE = YES_ERROR;
				GCC_WARN_UNDECLARED_SELECTOR = YES;
				GCC_WARN_UNINITIALIZED_AUTOS = YES_AGGRESSIVE;
				GCC_WARN_UNUSED_FUNCTION = YES;
				GCC_WARN_UNUSED_VARIABLE = YES;
				IPHONEOS_DEPLOYMENT_TARGET = 18.4;
				LOCALIZATION_PREFERS_STRING_CATALOGS = YES;
				MTL_ENABLE_DEBUG_INFO = NO;
				MTL_FAST_MATH = YES;
				SDKROOT = iphoneos;
				SWIFT_COMPILATION_MODE = wholemodule;
				VALIDATE_PRODUCT = YES;
			};
			name = Release;
		};
		CE20FBF62E41C04C0090EF18 /* Debug */ = {
			isa = XCBuildConfiguration;
			buildSettings = {
				BUNDLE_LOADER = "$(TEST_HOST)";
				CODE_SIGN_STYLE = Automatic;
				CURRENT_PROJECT_VERSION = 1;
				DEVELOPMENT_TEAM = VJGWSL9XV8;
				GENERATE_INFOPLIST_FILE = YES;
				IPHONEOS_DEPLOYMENT_TARGET = 18.4;
				MARKETING_VERSION = 1.0;
				PRODUCT_BUNDLE_IDENTIFIER = "com.kdadjunior.Kdad-Library-AppTests";
				PRODUCT_NAME = "$(TARGET_NAME)";
				SWIFT_EMIT_LOC_STRINGS = NO;
				SWIFT_VERSION = 5.0;
				TARGETED_DEVICE_FAMILY = "1,2";
				TEST_HOST = "$(BUILT_PRODUCTS_DIR)/Kdad-Library-App.app/$(BUNDLE_EXECUTABLE_FOLDER_PATH)/Kdad-Library-App";
			};
			name = Debug;
		};
		CE20FBF72E41C04C0090EF18 /* Release */ = {
			isa = XCBuildConfiguration;
			buildSettings = {
				BUNDLE_LOADER = "$(TEST_HOST)";
				CODE_SIGN_STYLE = Automatic;
				CURRENT_PROJECT_VERSION = 1;
				DEVELOPMENT_TEAM = VJGWSL9XV8;
				GENERATE_INFOPLIST_FILE = YES;
				IPHONEOS_DEPLOYMENT_TARGET = 18.4;
				MARKETING_VERSION = 1.0;
				PRODUCT_BUNDLE_IDENTIFIER = "com.kdadjunior.Kdad-Library-AppTests";
				PRODUCT_NAME = "$(TARGET_NAME)";
				SWIFT_EMIT_LOC_STRINGS = NO;
				SWIFT_VERSION = 5.0;
				TARGETED_DEVICE_FAMILY = "1,2";
				TEST_HOST = "$(BUILT_PRODUCTS_DIR)/Kdad-Library-App.app/$(BUNDLE_EXECUTABLE_FOLDER_PATH)/Kdad-Library-App";
			};
			name = Release;
		};
		CE20FBF92E41C04C0090EF18 /* Debug */ = {
			isa = XCBuildConfiguration;
			buildSettings = {
				CODE_SIGN_STYLE = Automatic;
				CURRENT_PROJECT_VERSION = 1;
				DEVELOPMENT_TEAM = VJGWSL9XV8;
				GENERATE_INFOPLIST_FILE = YES;
				MARKETING_VERSION = 1.0;
				PRODUCT_BUNDLE_IDENTIFIER = "com.kdadjunior.Kdad-Library-AppUITests";
				PRODUCT_NAME = "$(TARGET_NAME)";
				SWIFT_EMIT_LOC_STRINGS = NO;
				SWIFT_VERSION = 5.0;
				TARGETED_DEVICE_FAMILY = "1,2";
				TEST_TARGET_NAME = "Kdad-Library-App";
			};
			name = Debug;
		};
		CE20FBFA2E41C04C0090EF18 /* Release */ = {
			isa = XCBuildConfiguration;
			buildSettings = {
				CODE_SIGN_STYLE = Automatic;
				CURRENT_PROJECT_VERSION = 1;
				DEVELOPMENT_TEAM = VJGWSL9XV8;
				GENERATE_INFOPLIST_FILE = YES;
				MARKETING_VERSION = 1.0;
				PRODUCT_BUNDLE_IDENTIFIER = "com.kdadjunior.Kdad-Library-AppUITests";
				PRODUCT_NAME = "$(TARGET_NAME)";
				SWIFT_EMIT_LOC_STRINGS = NO;
				SWIFT_VERSION = 5.0;
				TARGETED_DEVICE_FAMILY = "1,2";
				TEST_TARGET_NAME = "Kdad-Library-App";
			};
			name = Release;
		};
/* End XCBuildConfiguration section */

/* Begin XCConfigurationList section */
		CE20FBC22E41C0490090EF18 /* Build configuration list for PBXProject "Kdad-Library-App" */ = {
			isa = XCConfigurationList;
			buildConfigurations = (
				CE20FBF32E41C04C0090EF18 /* Debug */,
				CE20FBF42E41C04C0090EF18 /* Release */,
			);
			defaultConfigurationIsVisible = 0;
			defaultConfigurationName = Release;
		};
		CE20FBF02E41C04C0090EF18 /* Build configuration list for PBXNativeTarget "Kdad-Library-App" */ = {
			isa = XCConfigurationList;
			buildConfigurations = (
				CE20FBF12E41C04C0090EF18 /* Debug */,
				CE20FBF22E41C04C0090EF18 /* Release */,
			);
			defaultConfigurationIsVisible = 0;
			defaultConfigurationName = Release;
		};
		CE20FBF52E41C04C0090EF18 /* Build configuration list for PBXNativeTarget "Kdad-Library-AppTests" */ = {
			isa = XCConfigurationList;
			buildConfigurations = (
				CE20FBF62E41C04C0090EF18 /* Debug */,
				CE20FBF72E41C04C0090EF18 /* Release */,
			);
			defaultConfigurationIsVisible = 0;
			defaultConfigurationName = Release;
		};
		CE20FBF82E41C04C0090EF18 /* Build configuration list for PBXNativeTarget "Kdad-Library-AppUITests" */ = {
			isa = XCConfigurationList;
			buildConfigurations = (
				CE20FBF92E41C04C0090EF18 /* Debug */,
				CE20FBFA2E41C04C0090EF18 /* Release */,
			);
			defaultConfigurationIsVisible = 0;
			defaultConfigurationName = Release;
		};
/* End XCConfigurationList section */
	};
	rootObject = CE20FBBF2E41C0490090EF18 /* Project object */;
}
